PODS:
  - BlocksKit (2.2.5):
    - BlocksKit/All (= 2.2.5)
  - BlocksKit/All (2.2.5):
    - BlocksKit/Core
    - BlocksKit/DynamicDelegate
    - BlocksKit/MessageUI
    - BlocksKit/UIKit
  - BlocksKit/Core (2.2.5)
  - BlocksKit/DynamicDelegate (2.2.5)
  - BlocksKit/MessageUI (2.2.5):
    - BlocksKit/Core
    - BlocksKit/DynamicDelegate
  - BlocksKit/UIKit (2.2.5):
    - BlocksKit/Core
    - BlocksKit/DynamicDelegate
  - FMDB (2.6.2):
    - FMDB/standard (= 2.6.2)
  - FMDB/standard (2.6.2)
  - iRate (1.10.3)
  - MJExtension (3.0.10)
  - MJRefresh (3.1.9)
  - MKNetworkKit (0.87):
    - Reachability (~> 3.1.0)
  - MMDrawerController (0.6.0):
    - MMDrawerController/Core (= 0.6.0)
    - MMDrawerController/MMDrawerBarButtonItem (= 0.6.0)
    - MMDrawerController/MMDrawerVisualStates (= 0.6.0)
    - MMDrawerController/Subclass (= 0.6.0)
  - MMDrawerController/Core (0.6.0)
  - MMDrawerController/MMDrawerBarButtonItem (0.6.0):
    - MMDrawerController/Core
  - MMDrawerController/MMDrawerVisualStates (0.6.0):
    - MMDrawerController/Core
  - MMDrawerController/Subclass (0.6.0):
    - MMDrawerController/Core
  - NJKWebViewProgress (0.2.3):
    - NJKWebViewProgress/Core (= 0.2.3)
    - NJKWebViewProgress/ProgressView (= 0.2.3)
  - NJKWebViewProgress/Core (0.2.3)
  - NJKWebViewProgress/ProgressView (0.2.3)
  - PNChart (0.8.9):
    - UICountingLabel (~> 1.2.0)
  - Reachability (3.1.1)
  - SDWebImage (3.8.1):
    - SDWebImage/Core (= 3.8.1)
  - SDWebImage/Core (3.8.1)
  - UICountingLabel (1.2.0)

DEPENDENCIES:
  - BlocksKit (= 2.2.5)
  - FMDB
  - iRate (~> 1.10.3)
  - MJExtension
  - MJRefresh
  - MKNetworkKit
  - MMDrawerController
  - NJKWebViewProgress
  - PNChart (~> 0.8.8)
  - SDWebImage

SPEC CHECKSUMS:
  BlocksKit: 7f422b971407001178d181a43b99014ea2591fe6
  FMDB: 854a0341b4726e53276f2a8996f06f1b80f9259a
  iRate: 724a3e080d5b0681e50a57d6cef1a81f83c23df3
  MJExtension: d86aacb740c87519d20e3cca55b6fa4be6cc7548
  MJRefresh: c5f1f1653e5a1b932c90f78074f2bc86f3f9bd5e
  MKNetworkKit: 60ad3c83b62183e40ba75ce772c9427c25b520de
  MMDrawerController: e3a54a5570388463ad3b36975251575b50c4e1a0
  NJKWebViewProgress: f481fd424cb5ecc27eacae11b5397db92fba9a4d
  PNChart: 84774d225c2126ded6c93d4dbe6ae98c3a73c2d2
  Reachability: dd9aa4fb6667b9f787690a74f53cb7634ce99893
  SDWebImage: 35f9627a3e44b4f292a8a8ce6a531fa488239b91
  UICountingLabel: 1db4e7d023e1762171eb226d6dff47a7a84f27aa

PODFILE CHECKSUM: b7bf0eda8f0675b510f99bfeb951aea9779d8764

COCOAPODS: 1.0.1
